// !$*UTF8*$!
{
	archiveVersion = 1;
	classes = {
	};
	objectVersion = 56;
	objects = {

/* Begin PBXBuildFile section */
		BEDE2DCA2C10739100700601 /* AppDelegate.swift in Sources */ = {isa = PBXBuildFile; fileRef = BEDE2DC92C10739100700601 /* AppDelegate.swift */; };
		BEDE2DCC2C10739100700601 /* SceneDelegate.swift in Sources */ = {isa = PBXBuildFile; fileRef = BEDE2DCB2C10739100700601 /* SceneDelegate.swift */; };
		BEDE2DCE2C10739100700601 /* ViewController.swift in Sources */ = {isa = PBXBuildFile; fileRef = BEDE2DCD2C10739100700601 /* ViewController.swift */; };
		BEDE2DD32C10739300700601 /* Assets.xcassets in Resources */ = {isa = PBXBuildFile; fileRef = BEDE2DD22C10739300700601 /* Assets.xcassets */; };
		BEDE2DD62C10739300700601 /* Base in Resources */ = {isa = PBXBuildFile; fileRef = BEDE2DD52C10739300700601 /* Base */; };
		BEDE2DE22C10749E00700601 /* Alamofire in Frameworks */ = {isa = PBXBuildFile; productRef = BEDE2DE12C10749E00700601 /* Alamofire */; };
		BEDE2DE72C1074B700700601 /* SnapKit in Frameworks */ = {isa = PBXBuildFile; productRef = BEDE2DE62C1074B700700601 /* SnapKit */; };
		BEDE2DEB2C1074F000700601 /* .gitignore in Resources */ = {isa = PBXBuildFile; fileRef = BEDE2DEA2C1074F000700601 /* .gitignore */; };
		BEDE2DF02C10754200700601 /* API.swift in Sources */ = {isa = PBXBuildFile; fileRef = BEDE2DEF2C10754200700601 /* API.swift */; };
		BEDE2DF22C10770C00700601 /* MovieTableViewCell.swift in Sources */ = {isa = PBXBuildFile; fileRef = BEDE2DF12C10770C00700601 /* MovieTableViewCell.swift */; };
		BEDE2DF52C1079C000700601 /* MovieData.swift in Sources */ = {isa = PBXBuildFile; fileRef = BEDE2DF42C1079C000700601 /* MovieData.swift */; };
		BEDE2DF72C107B5000700601 /* DateFormat.swift in Sources */ = {isa = PBXBuildFile; fileRef = BEDE2DF62C107B5000700601 /* DateFormat.swift */; };
/* End PBXBuildFile section */

/* Begin PBXFileReference section */
		BEDE2DC62C10739100700601 /* MovieAPI.app */ = {isa = PBXFileReference; explicitFileType = wrapper.application; includeInIndex = 0; path = MovieAPI.app; sourceTree = BUILT_PRODUCTS_DIR; };
		BEDE2DC92C10739100700601 /* AppDelegate.swift */ = {isa = PBXFileReference; lastKnownFileType = sourcecode.swift; path = AppDelegate.swift; sourceTree = "<group>"; };
		BEDE2DCB2C10739100700601 /* SceneDelegate.swift */ = {isa = PBXFileReference; lastKnownFileType = sourcecode.swift; path = SceneDelegate.swift; sourceTree = "<group>"; };
		BEDE2DCD2C10739100700601 /* ViewController.swift */ = {isa = PBXFileReference; lastKnownFileType = sourcecode.swift; path = ViewController.swift; sourceTree = "<group>"; };
		BEDE2DD22C10739300700601 /* Assets.xcassets */ = {isa = PBXFileReference; lastKnownFileType = folder.assetcatalog; path = Assets.xcassets; sourceTree = "<group>"; };
		BEDE2DD52C10739300700601 /* Base */ = {isa = PBXFileReference; lastKnownFileType = file.storyboard; name = Base; path = Base.lproj/LaunchScreen.storyboard; sourceTree = "<group>"; };
		BEDE2DD72C10739300700601 /* Info.plist */ = {isa = PBXFileReference; lastKnownFileType = text.plist.xml; path = Info.plist; sourceTree = "<group>"; };
		BEDE2DEA2C1074F000700601 /* .gitignore */ = {isa = PBXFileReference; lastKnownFileType = text; path = .gitignore; sourceTree = "<group>"; };
		BEDE2DEF2C10754200700601 /* API.swift */ = {isa = PBXFileReference; lastKnownFileType = sourcecode.swift; path = API.swift; sourceTree = "<group>"; };
		BEDE2DF12C10770C00700601 /* MovieTableViewCell.swift */ = {isa = PBXFileReference; lastKnownFileType = sourcecode.swift; path = MovieTableViewCell.swift; sourceTree = "<group>"; };
		BEDE2DF42C1079C000700601 /* MovieData.swift */ = {isa = PBXFileReference; lastKnownFileType = sourcecode.swift; path = MovieData.swift; sourceTree = "<group>"; };
		BEDE2DF62C107B5000700601 /* DateFormat.swift */ = {isa = PBXFileReference; lastKnownFileType = sourcecode.swift; path = DateFormat.swift; sourceTree = "<group>"; };
/* End PBXFileReference section */

/* Begin PBXFrameworksBuildPhase section */
		BEDE2DC32C10739100700601 /* Frameworks */ = {
			isa = PBXFrameworksBuildPhase;
			buildActionMask = 2147483647;
			files = (
				BEDE2DE22C10749E00700601 /* Alamofire in Frameworks */,
				BEDE2DE72C1074B700700601 /* SnapKit in Frameworks */,
			);
			runOnlyForDeploymentPostprocessing = 0;
		};
/* End PBXFrameworksBuildPhase section */

/* Begin PBXGroup section */
		BEDE2DBD2C10739100700601 = {
			isa = PBXGroup;
			children = (
				BEDE2DEA2C1074F000700601 /* .gitignore */,
				BEDE2DC82C10739100700601 /* MovieAPI */,
				BEDE2DC72C10739100700601 /* Products */,
			);
			sourceTree = "<group>";
		};
		BEDE2DC72C10739100700601 /* Products */ = {
			isa = PBXGroup;
			children = (
				BEDE2DC62C10739100700601 /* MovieAPI.app */,
			);
			name = Products;
			sourceTree = "<group>";
		};
		BEDE2DC82C10739100700601 /* MovieAPI */ = {
			isa = PBXGroup;
			children = (
				BEDE2DDD2C10741400700601 /* Sources */,
				BEDE2DDE2C10741700700601 /* Resources */,
			);
			path = MovieAPI;
			sourceTree = "<group>";
		};
		BEDE2DDD2C10741400700601 /* Sources */ = {
			isa = PBXGroup;
			children = (
				BEDE2DED2C10752B00700601 /* View */,
				BEDE2DF32C1079AF00700601 /* Model */,
				BEDE2DEE2C10752D00700601 /* Utility */,
				BEDE2DDF2C10742400700601 /* App */,
			);
			path = Sources;
			sourceTree = "<group>";
		};
		BEDE2DDE2C10741700700601 /* Resources */ = {
			isa = PBXGroup;
			children = (
				BEDE2DD22C10739300700601 /* Assets.xcassets */,
				BEDE2DD42C10739300700601 /* LaunchScreen.storyboard */,
				BEDE2DD72C10739300700601 /* Info.plist */,
			);
			path = Resources;
			sourceTree = "<group>";
		};
		BEDE2DDF2C10742400700601 /* App */ = {
			isa = PBXGroup;
			children = (
				BEDE2DC92C10739100700601 /* AppDelegate.swift */,
				BEDE2DCB2C10739100700601 /* SceneDelegate.swift */,
			);
			path = App;
			sourceTree = "<group>";
		};
		BEDE2DED2C10752B00700601 /* View */ = {
			isa = PBXGroup;
			children = (
				BEDE2DCD2C10739100700601 /* ViewController.swift */,
				BEDE2DF12C10770C00700601 /* MovieTableViewCell.swift */,
			);
			path = View;
			sourceTree = "<group>";
		};
		BEDE2DEE2C10752D00700601 /* Utility */ = {
			isa = PBXGroup;
			children = (
				BEDE2DEF2C10754200700601 /* API.swift */,
				BEDE2DF62C107B5000700601 /* DateFormat.swift */,
			);
			path = Utility;
			sourceTree = "<group>";
		};
		BEDE2DF32C1079AF00700601 /* Model */ = {
			isa = PBXGroup;
			children = (
				BEDE2DF42C1079C000700601 /* MovieData.swift */,
			);
			path = Model;
			sourceTree = "<group>";
		};
/* End PBXGroup section */

/* Begin PBXNativeTarget section */
		BEDE2DC52C10739100700601 /* MovieAPI */ = {
			isa = PBXNativeTarget;
			buildConfigurationList = BEDE2DDA2C10739300700601 /* Build configuration list for PBXNativeTarget "MovieAPI" */;
			buildPhases = (
				BEDE2DC22C10739100700601 /* Sources */,
				BEDE2DC32C10739100700601 /* Frameworks */,
				BEDE2DC42C10739100700601 /* Resources */,
			);
			buildRules = (
			);
			dependencies = (
			);
			name = MovieAPI;
			packageProductDependencies = (
				BEDE2DE12C10749E00700601 /* Alamofire */,
				BEDE2DE62C1074B700700601 /* SnapKit */,
			);
			productName = MovieAPI;
			productReference = BEDE2DC62C10739100700601 /* MovieAPI.app */;
			productType = "com.apple.product-type.application";
		};
/* End PBXNativeTarget section */

/* Begin PBXProject section */
		BEDE2DBE2C10739100700601 /* Project object */ = {
			isa = PBXProject;
			attributes = {
				BuildIndependentTargetsInParallel = 1;
				LastSwiftUpdateCheck = 1540;
				LastUpgradeCheck = 1540;
				TargetAttributes = {
					BEDE2DC52C10739100700601 = {
						CreatedOnToolsVersion = 15.4;
					};
				};
			};
			buildConfigurationList = BEDE2DC12C10739100700601 /* Build configuration list for PBXProject "MovieAPI" */;
			compatibilityVersion = "Xcode 14.0";
			developmentRegion = en;
			hasScannedForEncodings = 0;
			knownRegions = (
				en,
				Base,
			);
			mainGroup = BEDE2DBD2C10739100700601;
			packageReferences = (
				BEDE2DE02C10749E00700601 /* XCRemoteSwiftPackageReference "Alamofire" */,
				BEDE2DE52C1074B700700601 /* XCRemoteSwiftPackageReference "SnapKit" */,
			);
			productRefGroup = BEDE2DC72C10739100700601 /* Products */;
			projectDirPath = "";
			projectRoot = "";
			targets = (
				BEDE2DC52C10739100700601 /* MovieAPI */,
			);
		};
/* End PBXProject section */

/* Begin PBXResourcesBuildPhase section */
		BEDE2DC42C10739100700601 /* Resources */ = {
			isa = PBXResourcesBuildPhase;
			buildActionMask = 2147483647;
			files = (
				BEDE2DEB2C1074F000700601 /* .gitignore in Resources */,
				BEDE2DD32C10739300700601 /* Assets.xcassets in Resources */,
				BEDE2DD62C10739300700601 /* Base in Resources */,
			);
			runOnlyForDeploymentPostprocessing = 0;
		};
/* End PBXResourcesBuildPhase section */

/* Begin PBXSourcesBuildPhase section */
		BEDE2DC22C10739100700601 /* Sources */ = {
			isa = PBXSourcesBuildPhase;
			buildActionMask = 2147483647;
			files = (
				BEDE2DF52C1079C000700601 /* MovieData.swift in Sources */,
				BEDE2DF22C10770C00700601 /* MovieTableViewCell.swift in Sources */,
				BEDE2DCE2C10739100700601 /* ViewController.swift in Sources */,
				BEDE2DCA2C10739100700601 /* AppDelegate.swift in Sources */,
				BEDE2DF02C10754200700601 /* API.swift in Sources */,
				BEDE2DCC2C10739100700601 /* SceneDelegate.swift in Sources */,
				BEDE2DF72C107B5000700601 /* DateFormat.swift in Sources */,
			);
			runOnlyForDeploymentPostprocessing = 0;
		};
/* End PBXSourcesBuildPhase section */

/* Begin PBXVariantGroup section */
		BEDE2DD42C10739300700601 /* LaunchScreen.storyboard */ = {
			isa = PBXVariantGroup;
			children = (
				BEDE2DD52C10739300700601 /* Base */,
			);
			name = LaunchScreen.storyboard;
			sourceTree = "<group>";
		};
/* End PBXVariantGroup section */

/* Begin XCBuildConfiguration section */
		BEDE2DD82C10739300700601 /* Debug */ = {
			isa = XCBuildConfiguration;
			buildSettings = {
				ALWAYS_SEARCH_USER_PATHS = NO;
				ASSETCATALOG_COMPILER_GENERATE_SWIFT_ASSET_SYMBOL_EXTENSIONS = YES;
				CLANG_ANALYZER_NONNULL = YES;
				CLANG_ANALYZER_NUMBER_OBJECT_CONVERSION = YES_AGGRESSIVE;
				CLANG_CXX_LANGUAGE_STANDARD = "gnu++20";
				CLANG_ENABLE_MODULES = YES;
				CLANG_ENABLE_OBJC_ARC = YES;
				CLANG_ENABLE_OBJC_WEAK = YES;
				CLANG_WARN_BLOCK_CAPTURE_AUTORELEASING = YES;
				CLANG_WARN_BOOL_CONVERSION = YES;
				CLANG_WARN_COMMA = YES;
				CLANG_WARN_CONSTANT_CONVERSION = YES;
				CLANG_WARN_DEPRECATED_OBJC_IMPLEMENTATIONS = YES;
				CLANG_WARN_DIRECT_OBJC_ISA_USAGE = YES_ERROR;
				CLANG_WARN_DOCUMENTATION_COMMENTS = YES;
				CLANG_WARN_EMPTY_BODY = YES;
				CLANG_WARN_ENUM_CONVERSION = YES;
				CLANG_WARN_INFINITE_RECURSION = YES;
				CLANG_WARN_INT_CONVERSION = YES;
				CLANG_WARN_NON_LITERAL_NULL_CONVERSION = YES;
				CLANG_WARN_OBJC_IMPLICIT_RETAIN_SELF = YES;
				CLANG_WARN_OBJC_LITERAL_CONVERSION = YES;
				CLANG_WARN_OBJC_ROOT_CLASS = YES_ERROR;
				CLANG_WARN_QUOTED_INCLUDE_IN_FRAMEWORK_HEADER = YES;
				CLANG_WARN_RANGE_LOOP_ANALYSIS = YES;
				CLANG_WARN_STRICT_PROTOTYPES = YES;
				CLANG_WARN_SUSPICIOUS_MOVE = YES;
				CLANG_WARN_UNGUARDED_AVAILABILITY = YES_AGGRESSIVE;
				CLANG_WARN_UNREACHABLE_CODE = YES;
				CLANG_WARN__DUPLICATE_METHOD_MATCH = YES;
				COPY_PHASE_STRIP = NO;
				DEBUG_INFORMATION_FORMAT = dwarf;
				ENABLE_STRICT_OBJC_MSGSEND = YES;
				ENABLE_TESTABILITY = YES;
				ENABLE_USER_SCRIPT_SANDBOXING = YES;
				GCC_C_LANGUAGE_STANDARD = gnu17;
				GCC_DYNAMIC_NO_PIC = NO;
				GCC_NO_COMMON_BLOCKS = YES;
				GCC_OPTIMIZATION_LEVEL = 0;
				GCC_PREPROCESSOR_DEFINITIONS = (
					"DEBUG=1",
					"$(inherited)",
				);
				GCC_WARN_64_TO_32_BIT_CONVERSION = YES;
				GCC_WARN_ABOUT_RETURN_TYPE = YES_ERROR;
				GCC_WARN_UNDECLARED_SELECTOR = YES;
				GCC_WARN_UNINITIALIZED_AUTOS = YES_AGGRESSIVE;
				GCC_WARN_UNUSED_FUNCTION = YES;
				GCC_WARN_UNUSED_VARIABLE = YES;
				IPHONEOS_DEPLOYMENT_TARGET = 17.5;
				LOCALIZATION_PREFERS_STRING_CATALOGS = YES;
				MTL_ENABLE_DEBUG_INFO = INCLUDE_SOURCE;
				MTL_FAST_MATH = YES;
				ONLY_ACTIVE_ARCH = YES;
				SDKROOT = iphoneos;
				SWIFT_ACTIVE_COMPILATION_CONDITIONS = "DEBUG $(inherited)";
				SWIFT_OPTIMIZATION_LEVEL = "-Onone";
			};
			name = Debug;
		};
		BEDE2DD92C10739300700601 /* Release */ = {
			isa = XCBuildConfiguration;
			buildSettings = {
				ALWAYS_SEARCH_USER_PATHS = NO;
				ASSETCATALOG_COMPILER_GENERATE_SWIFT_ASSET_SYMBOL_EXTENSIONS = YES;
				CLANG_ANALYZER_NONNULL = YES;
				CLANG_ANALYZER_NUMBER_OBJECT_CONVERSION = YES_AGGRESSIVE;
				CLANG_CXX_LANGUAGE_STANDARD = "gnu++20";
				CLANG_ENABLE_MODULES = YES;
				CLANG_ENABLE_OBJC_ARC = YES;
				CLANG_ENABLE_OBJC_WEAK = YES;
				CLANG_WARN_BLOCK_CAPTURE_AUTORELEASING = YES;
				CLANG_WARN_BOOL_CONVERSION = YES;
				CLANG_WARN_COMMA = YES;
				CLANG_WARN_CONSTANT_CONVERSION = YES;
				CLANG_WARN_DEPRECATED_OBJC_IMPLEMENTATIONS = YES;
				CLANG_WARN_DIRECT_OBJC_ISA_USAGE = YES_ERROR;
				CLANG_WARN_DOCUMENTATION_COMMENTS = YES;
				CLANG_WARN_EMPTY_BODY = YES;
				CLANG_WARN_ENUM_CONVERSION = YES;
				CLANG_WARN_INFINITE_RECURSION = YES;
				CLANG_WARN_INT_CONVERSION = YES;
				CLANG_WARN_NON_LITERAL_NULL_CONVERSION = YES;
				CLANG_WARN_OBJC_IMPLICIT_RETAIN_SELF = YES;
				CLANG_WARN_OBJC_LITERAL_CONVERSION = YES;
				CLANG_WARN_OBJC_ROOT_CLASS = YES_ERROR;
				CLANG_WARN_QUOTED_INCLUDE_IN_FRAMEWORK_HEADER = YES;
				CLANG_WARN_RANGE_LOOP_ANALYSIS = YES;
				CLANG_WARN_STRICT_PROTOTYPES = YES;
				CLANG_WARN_SUSPICIOUS_MOVE = YES;
				CLANG_WARN_UNGUARDED_AVAILABILITY = YES_AGGRESSIVE;
				CLANG_WARN_UNREACHABLE_CODE = YES;
				CLANG_WARN__DUPLICATE_METHOD_MATCH = YES;
				COPY_PHASE_STRIP = NO;
				DEBUG_INFORMATION_FORMAT = "dwarf-with-dsym";
				ENABLE_NS_ASSERTIONS = NO;
				ENABLE_STRICT_OBJC_MSGSEND = YES;
				ENABLE_USER_SCRIPT_SANDBOXING = YES;
				GCC_C_LANGUAGE_STANDARD = gnu17;
				GCC_NO_COMMON_BLOCKS = YES;
				GCC_WARN_64_TO_32_BIT_CONVERSION = YES;
				GCC_WARN_ABOUT_RETURN_TYPE = YES_ERROR;
				GCC_WARN_UNDECLARED_SELECTOR = YES;
				GCC_WARN_UNINITIALIZED_AUTOS = YES_AGGRESSIVE;
				GCC_WARN_UNUSED_FUNCTION = YES;
				GCC_WARN_UNUSED_VARIABLE = YES;
				IPHONEOS_DEPLOYMENT_TARGET = 17.5;
				LOCALIZATION_PREFERS_STRING_CATALOGS = YES;
				MTL_ENABLE_DEBUG_INFO = NO;
				MTL_FAST_MATH = YES;
				SDKROOT = iphoneos;
				SWIFT_COMPILATION_MODE = wholemodule;
				VALIDATE_PRODUCT = YES;
			};
			name = Release;
		};
		BEDE2DDB2C10739300700601 /* Debug */ = {
			isa = XCBuildConfiguration;
			buildSettings = {
				ASSETCATALOG_COMPILER_APPICON_NAME = AppIcon;
				ASSETCATALOG_COMPILER_GLOBAL_ACCENT_COLOR_NAME = AccentColor;
				CODE_SIGN_STYLE = Automatic;
				CURRENT_PROJECT_VERSION = 1;
				DEVELOPMENT_TEAM = ASU4PNB5MG;
				GENERATE_INFOPLIST_FILE = YES;
				INFOPLIST_FILE = MovieAPI/Resources/Info.plist;
				INFOPLIST_KEY_UIApplicationSupportsIndirectInputEvents = YES;
				INFOPLIST_KEY_UILaunchStoryboardName = LaunchScreen;
				INFOPLIST_KEY_UISupportedInterfaceOrientations_iPad = "UIInterfaceOrientationPortrait UIInterfaceOrientationPortraitUpsideDown UIInterfaceOrientationLandscapeLeft UIInterfaceOrientationLandscapeRight";
				INFOPLIST_KEY_UISupportedInterfaceOrientations_iPhone = "UIInterfaceOrientationPortrait UIInterfaceOrientationLandscapeLeft UIInterfaceOrientationLandscapeRight";
				IPHONEOS_DEPLOYMENT_TARGET = 17.0;
				LD_RUNPATH_SEARCH_PATHS = (
					"$(inherited)",
					"@executable_path/Frameworks",
				);
				MARKETING_VERSION = 1.0;
				PRODUCT_BUNDLE_IDENTIFIER = com.geonseobkim.MovieAPI;
				PRODUCT_NAME = "$(TARGET_NAME)";
				SUPPORTED_PLATFORMS = "iphoneos iphonesimulator";
				SUPPORTS_MACCATALYST = NO;
				SUPPORTS_MAC_DESIGNED_FOR_IPHONE_IPAD = NO;
				SUPPORTS_XR_DESIGNED_FOR_IPHONE_IPAD = NO;
				SWIFT_EMIT_LOC_STRINGS = YES;
				SWIFT_VERSION = 5.0;
				TARGETED_DEVICE_FAMILY = 1;
			};
			name = Debug;
		};
		BEDE2DDC2C10739300700601 /* Release */ = {
			isa = XCBuildConfiguration;
			buildSettings = {
				ASSETCATALOG_COMPILER_APPICON_NAME = AppIcon;
				ASSETCATALOG_COMPILER_GLOBAL_ACCENT_COLOR_NAME = AccentColor;
				CODE_SIGN_STYLE = Automatic;
				CURRENT_PROJECT_VERSION = 1;
				DEVELOPMENT_TEAM = ASU4PNB5MG;
				GENERATE_INFOPLIST_FILE = YES;
				INFOPLIST_FILE = MovieAPI/Resources/Info.plist;
				INFOPLIST_KEY_UIApplicationSupportsIndirectInputEvents = YES;
				INFOPLIST_KEY_UILaunchStoryboardName = LaunchScreen;
				INFOPLIST_KEY_UISupportedInterfaceOrientations_iPad = "UIInterfaceOrientationPortrait UIInterfaceOrientationPortraitUpsideDown UIInterfaceOrientationLandscapeLeft UIInterfaceOrientationLandscapeRight";
				INFOPLIST_KEY_UISupportedInterfaceOrientations_iPhone = "UIInterfaceOrientationPortrait UIInterfaceOrientationLandscapeLeft UIInterfaceOrientationLandscapeRight";
				IPHONEOS_DEPLOYMENT_TARGET = 17.0;
				LD_RUNPATH_SEARCH_PATHS = (
					"$(inherited)",
					"@executable_path/Frameworks",
				);
				MARKETING_VERSION = 1.0;
				PRODUCT_BUNDLE_IDENTIFIER = com.geonseobkim.MovieAPI;
				PRODUCT_NAME = "$(TARGET_NAME)";
				SUPPORTED_PLATFORMS = "iphoneos iphonesimulator";
				SUPPORTS_MACCATALYST = NO;
				SUPPORTS_MAC_DESIGNED_FOR_IPHONE_IPAD = NO;
				SUPPORTS_XR_DESIGNED_FOR_IPHONE_IPAD = NO;
				SWIFT_EMIT_LOC_STRINGS = YES;
				SWIFT_VERSION = 5.0;
				TARGETED_DEVICE_FAMILY = 1;
			};
			name = Release;
		};
/* End XCBuildConfiguration section */

/* Begin XCConfigurationList section */
		BEDE2DC12C10739100700601 /* Build configuration list for PBXProject "MovieAPI" */ = {
			isa = XCConfigurationList;
			buildConfigurations = (
				BEDE2DD82C10739300700601 /* Debug */,
				BEDE2DD92C10739300700601 /* Release */,
			);
			defaultConfigurationIsVisible = 0;
			defaultConfigurationName = Release;
		};
		BEDE2DDA2C10739300700601 /* Build configuration list for PBXNativeTarget "MovieAPI" */ = {
			isa = XCConfigurationList;
			buildConfigurations = (
				BEDE2DDB2C10739300700601 /* Debug */,
				BEDE2DDC2C10739300700601 /* Release */,
			);
			defaultConfigurationIsVisible = 0;
			defaultConfigurationName = Release;
		};
/* End XCConfigurationList section */

/* Begin XCRemoteSwiftPackageReference section */
		BEDE2DE02C10749E00700601 /* XCRemoteSwiftPackageReference "Alamofire" */ = {
			isa = XCRemoteSwiftPackageReference;
			repositoryURL = "https://github.com/Alamofire/Alamofire.git";
			requirement = {
				kind = upToNextMajorVersion;
				minimumVersion = 5.9.1;
			};
		};
		BEDE2DE52C1074B700700601 /* XCRemoteSwiftPackageReference "SnapKit" */ = {
			isa = XCRemoteSwiftPackageReference;
			repositoryURL = "https://github.com/SnapKit/SnapKit.git";
			requirement = {
				kind = upToNextMajorVersion;
				minimumVersion = 5.7.1;
			};
		};
/* End XCRemoteSwiftPackageReference section */

/* Begin XCSwiftPackageProductDependency section */
		BEDE2DE12C10749E00700601 /* Alamofire */ = {
			isa = XCSwiftPackageProductDependency;
			package = BEDE2DE02C10749E00700601 /* XCRemoteSwiftPackageReference "Alamofire" */;
			productName = Alamofire;
		};
		BEDE2DE62C1074B700700601 /* SnapKit */ = {
			isa = XCSwiftPackageProductDependency;
			package = BEDE2DE52C1074B700700601 /* XCRemoteSwiftPackageReference "SnapKit" */;
			productName = SnapKit;
		};
/* End XCSwiftPackageProductDependency section */
	};
	rootObject = BEDE2DBE2C10739100700601 /* Project object */;
}
